Microsoft Visual Studio Solution File, Format Version 11.00
# Visual Studio 2010
Project("{FAE04EC0-301F-11D3-BF4B-00C04F79EFBC}") = "SQLDiagUI", "SQLDiagRunnerUI\SQLDiagUI.csproj", "{CAB950A6-77B7-4519-A867-DB00CA0502FE}"
EndProject
Project("{2150E333-8FDC-42A3-9474-1A3956D46DE8}") = "Solution Items", "Solution Items", "{981B7ED9-3D18-4912-BB71-C0E1AD695D55}"
	ProjectSection(SolutionItems) = preProject
		Local.testsettings = Local.testsettings
		SQLDiagRunner.vsmdi = SQLDiagRunner.vsmdi
		TraceAndTestImpact.testsettings = TraceAndTestImpact.testsettings
	EndProjectSection
EndProject
Project("{FAE04EC0-301F-11D3-BF4B-00C04F79EFBC}") = "SQLDiagRunner", "SQLDiagRunner\SQLDiagRunner.csproj", "{90D2AD1D-981E-4A21-AB0B-425D523FD2B6}"
EndProject
Project("{FAE04EC0-301F-11D3-BF4B-00C04F79EFBC}") = "SQLDiagCmd", "SQLDiagCmd\SQLDiagCmd.csproj", "{28BC6F2F-BD47-429E-AC9F-F5D10BAB055D}"
EndProject
Project("{2150E333-8FDC-42A3-9474-1A3956D46DE8}") = "Libs", "Libs", "{D4A7F871-5788-4DA5-B566-8B2F7620F81A}"
	ProjectSection(SolutionItems) = preProject
		Libs\CommandLine.dll = Libs\CommandLine.dll
		Libs\EPPlus.dll = Libs\EPPlus.dll
	EndProjectSection
EndProject
Project("{2150E333-8FDC-42A3-9474-1A3956D46DE8}") = "Tests", "Tests", "{252C8034-8874-4B60-9C34-E82899DF723C}"
EndProject
Global
	GlobalSection(SubversionScc) = preSolution
		Svn-Managed = True
		Manager = AnkhSVN - Subversion Support for Visual Studio
	EndGlobalSection
	GlobalSection(TestCaseManagementSettings) = postSolution
		CategoryFile = SQLDiagRunner.vsmdi
	EndGlobalSection
	GlobalSection(SolutionConfigurationPlatforms) = preSolution
		Debug|Any CPU = Debug|Any CPU
		Debug|Mixed Platforms = Debug|Mixed Platforms
		Debug|x86 = Debug|x86
		Release|Any CPU = Release|Any CPU
		Release|Mixed Platforms = Release|Mixed Platforms
		Release|x86 = Release|x86
	EndGlobalSection
	GlobalSection(ProjectConfigurationPlatforms) = postSolution
		{CAB950A6-77B7-4519-A867-DB00CA0502FE}.Debug|Any CPU.ActiveCfg = Debug|x86
		{CAB950A6-77B7-4519-A867-DB00CA0502FE}.Debug|Mixed Platforms.ActiveCfg = Debug|x86
		{CAB950A6-77B7-4519-A867-DB00CA0502FE}.Debug|Mixed Platforms.Build.0 = Debug|x86
		{CAB950A6-77B7-4519-A867-DB00CA0502FE}.Debug|x86.ActiveCfg = Debug|x86
		{CAB950A6-77B7-4519-A867-DB00CA0502FE}.Debug|x86.Build.0 = Debug|x86
		{CAB950A6-77B7-4519-A867-DB00CA0502FE}.Release|Any CPU.ActiveCfg = Release|x86
		{CAB950A6-77B7-4519-A867-DB00CA0502FE}.Release|Any CPU.Build.0 = Release|x86
		{CAB950A6-77B7-4519-A867-DB00CA0502FE}.Release|Mixed Platforms.ActiveCfg = Release|x86
		{CAB950A6-77B7-4519-A867-DB00CA0502FE}.Release|Mixed Platforms.Build.0 = Release|x86
		{CAB950A6-77B7-4519-A867-DB00CA0502FE}.Release|x86.ActiveCfg = Release|x86
		{CAB950A6-77B7-4519-A867-DB00CA0502FE}.Release|x86.Build.0 = Release|x86
		{90D2AD1D-981E-4A21-AB0B-425D523FD2B6}.Debug|Any CPU.ActiveCfg = Debug|Any CPU
		{90D2AD1D-981E-4A21-AB0B-425D523FD2B6}.Debug|Any CPU.Build.0 = Debug|Any CPU
		{90D2AD1D-981E-4A21-AB0B-425D523FD2B6}.Debug|Mixed Platforms.ActiveCfg = Debug|Any CPU
		{90D2AD1D-981E-4A21-AB0B-425D523FD2B6}.Debug|Mixed Platforms.Build.0 = Debug|Any CPU
		{90D2AD1D-981E-4A21-AB0B-425D523FD2B6}.Debug|x86.ActiveCfg = Debug|Any CPU
		{90D2AD1D-981E-4A21-AB0B-425D523FD2B6}.Release|Any CPU.ActiveCfg = Release|Any CPU
		{90D2AD1D-981E-4A21-AB0B-425D523FD2B6}.Release|Any CPU.Build.0 = Release|Any CPU
		{90D2AD1D-981E-4A21-AB0B-425D523FD2B6}.Release|Mixed Platforms.ActiveCfg = Release|Any CPU
		{90D2AD1D-981E-4A21-AB0B-425D523FD2B6}.Release|Mixed Platforms.Build.0 = Release|Any CPU
		{90D2AD1D-981E-4A21-AB0B-425D523FD2B6}.Release|x86.ActiveCfg = Release|Any CPU
		{28BC6F2F-BD47-429E-AC9F-F5D10BAB055D}.Debug|Any CPU.ActiveCfg = Debug|x86
		{28BC6F2F-BD47-429E-AC9F-F5D10BAB055D}.Debug|Mixed Platforms.ActiveCfg = Debug|x86
		{28BC6F2F-BD47-429E-AC9F-F5D10BAB055D}.Debug|Mixed Platforms.Build.0 = Debug|x86
		{28BC6F2F-BD47-429E-AC9F-F5D10BAB055D}.Debug|x86.ActiveCfg = Debug|x86
		{28BC6F2F-BD47-429E-AC9F-F5D10BAB055D}.Debug|x86.Build.0 = Debug|x86
		{28BC6F2F-BD47-429E-AC9F-F5D10BAB055D}.Release|Any CPU.ActiveCfg = Release|x86
		{28BC6F2F-BD47-429E-AC9F-F5D10BAB055D}.Release|Any CPU.Build.0 = Release|x86
		{28BC6F2F-BD47-429E-AC9F-F5D10BAB055D}.Release|Mixed Platforms.ActiveCfg = Release|x86
		{28BC6F2F-BD47-429E-AC9F-F5D10BAB055D}.Release|Mixed Platforms.Build.0 = Release|x86
		{28BC6F2F-BD47-429E-AC9F-F5D10BAB055D}.Release|x86.ActiveCfg = Release|x86
		{28BC6F2F-BD47-429E-AC9F-F5D10BAB055D}.Release|x86.Build.0 = Release|x86
	EndGlobalSection
	GlobalSection(SolutionProperties) = preSolution
		HideSolutionNode = FALSE
	EndGlobalSection
EndGlobal
